
Microsoft Visual Studio Solution File, Format Version 12.00
# Visual Studio Version 16
VisualStudioVersion = 16.0.31205.134
MinimumVisualStudioVersion = 10.0.40219.1
Project("{FAE04EC0-301F-11D3-BF4B-00C04F79EFBC}") = "WebShop", "WebShop\WebShop.csproj", "{CF2C649A-BED1-47D6-902F-170E085C1A49}"
EndProject
Global
	GlobalSection(SolutionConfigurationPlatforms) = preSolution
		Debug|Any CPU = Debug|Any CPU
		Release|Any CPU = Release|Any CPU
	EndGlobalSection
	GlobalSection(ProjectConfigurationPlatforms) = postSolution
		{CF2C649A-BED1-47D6-902F-170E085C1A49}.Debug|Any CPU.ActiveCfg = Debug|Any CPU
		{CF2C649A-BED1-47D6-902F-170E085C1A49}.Debug|Any CPU.Build.0 = Debug|Any CPU
		{CF2C649A-BED1-47D6-902F-170E085C1A49}.Release|Any CPU.ActiveCfg = Release|Any CPU
		{CF2C649A-BED1-47D6-902F-170E085C1A49}.Release|Any CPU.Build.0 = Release|Any CPU
	EndGlobalSection
	GlobalSection(SolutionProperties) = preSolution
		HideSolutionNode = FALSE
	EndGlobalSection
	GlobalSection(ExtensibilityGlobals) = postSolution
		SolutionGuid = {96249550-A346-4E28-A9E3-BF3DA32BA305}
	EndGlobalSection
EndGlobal
