
Microsoft Visual Studio Solution File, Format Version 12.00
# Visual Studio Version 16
VisualStudioVersion = 16.0.30611.23
MinimumVisualStudioVersion = 10.0.40219.1
Project("{9A19103F-16F7-4668-BE54-9A1E7A4F7556}") = "ProfileMicroservice", "ProfileMicroservice\ProfileMicroservice.csproj", "{AB318217-A2B0-42B5-80B1-47DEFEC7DBC7}"
EndProject
Project("{9A19103F-16F7-4668-BE54-9A1E7A4F7556}") = "PostMicroservice", "PostMicroservice\PostMicroservice.csproj", "{18B45581-F2EA-4EF4-9A58-C03B5C2CCE93}"
EndProject
Project("{9A19103F-16F7-4668-BE54-9A1E7A4F7556}") = "StoryMicroservice", "StoryMicroservice\StoryMicroservice.csproj", "{45377A5D-3C0F-40B3-A648-ED02FA6C77BB}"
EndProject
Project("{9A19103F-16F7-4668-BE54-9A1E7A4F7556}") = "InappropriateContentMicroservice", "InappropriateContentMicroservice\InappropriateContentMicroservice.csproj", "{990805FD-83F5-41CA-A1AB-E8E71461B9C0}"
EndProject
Project("{9A19103F-16F7-4668-BE54-9A1E7A4F7556}") = "CampaignMicroservice", "CampaignMicroservice\CampaignMicroservice.csproj", "{54286F42-58B0-4A00-B39B-51D3FA4A29B3}"
EndProject
Project("{9A19103F-16F7-4668-BE54-9A1E7A4F7556}") = "ChatMicroservice", "ChatMicroservice\ChatMicroservice.csproj", "{563948BD-7BCD-4442-BE4A-CCF608E1B118}"
EndProject
Project("{9A19103F-16F7-4668-BE54-9A1E7A4F7556}") = "NotificationMicroservice", "NotificationMicroservice\NotificationMicroservice.csproj", "{76061494-24F8-47A3-8C7C-C448DA912E8C}"
EndProject
Project("{FAE04EC0-301F-11D3-BF4B-00C04F79EFBC}") = "GatewayWebApi", "GatewayWebApi\GatewayWebApi.csproj", "{E3626A57-2ADC-43B7-AC07-4CC0A65B356B}"
EndProject
Global
	GlobalSection(SolutionConfigurationPlatforms) = preSolution
		Debug|Any CPU = Debug|Any CPU
		Release|Any CPU = Release|Any CPU
	EndGlobalSection
	GlobalSection(ProjectConfigurationPlatforms) = postSolution
		{AB318217-A2B0-42B5-80B1-47DEFEC7DBC7}.Debug|Any CPU.ActiveCfg = Debug|Any CPU
		{AB318217-A2B0-42B5-80B1-47DEFEC7DBC7}.Debug|Any CPU.Build.0 = Debug|Any CPU
		{AB318217-A2B0-42B5-80B1-47DEFEC7DBC7}.Release|Any CPU.ActiveCfg = Release|Any CPU
		{AB318217-A2B0-42B5-80B1-47DEFEC7DBC7}.Release|Any CPU.Build.0 = Release|Any CPU
		{18B45581-F2EA-4EF4-9A58-C03B5C2CCE93}.Debug|Any CPU.ActiveCfg = Debug|Any CPU
		{18B45581-F2EA-4EF4-9A58-C03B5C2CCE93}.Debug|Any CPU.Build.0 = Debug|Any CPU
		{18B45581-F2EA-4EF4-9A58-C03B5C2CCE93}.Release|Any CPU.ActiveCfg = Release|Any CPU
		{18B45581-F2EA-4EF4-9A58-C03B5C2CCE93}.Release|Any CPU.Build.0 = Release|Any CPU
		{45377A5D-3C0F-40B3-A648-ED02FA6C77BB}.Debug|Any CPU.ActiveCfg = Debug|Any CPU
		{45377A5D-3C0F-40B3-A648-ED02FA6C77BB}.Debug|Any CPU.Build.0 = Debug|Any CPU
		{45377A5D-3C0F-40B3-A648-ED02FA6C77BB}.Release|Any CPU.ActiveCfg = Release|Any CPU
		{45377A5D-3C0F-40B3-A648-ED02FA6C77BB}.Release|Any CPU.Build.0 = Release|Any CPU
		{990805FD-83F5-41CA-A1AB-E8E71461B9C0}.Debug|Any CPU.ActiveCfg = Debug|Any CPU
		{990805FD-83F5-41CA-A1AB-E8E71461B9C0}.Debug|Any CPU.Build.0 = Debug|Any CPU
		{990805FD-83F5-41CA-A1AB-E8E71461B9C0}.Release|Any CPU.ActiveCfg = Release|Any CPU
		{990805FD-83F5-41CA-A1AB-E8E71461B9C0}.Release|Any CPU.Build.0 = Release|Any CPU
		{54286F42-58B0-4A00-B39B-51D3FA4A29B3}.Debug|Any CPU.ActiveCfg = Debug|Any CPU
		{54286F42-58B0-4A00-B39B-51D3FA4A29B3}.Debug|Any CPU.Build.0 = Debug|Any CPU
		{54286F42-58B0-4A00-B39B-51D3FA4A29B3}.Release|Any CPU.ActiveCfg = Release|Any CPU
		{54286F42-58B0-4A00-B39B-51D3FA4A29B3}.Release|Any CPU.Build.0 = Release|Any CPU
		{563948BD-7BCD-4442-BE4A-CCF608E1B118}.Debug|Any CPU.ActiveCfg = Debug|Any CPU
		{563948BD-7BCD-4442-BE4A-CCF608E1B118}.Debug|Any CPU.Build.0 = Debug|Any CPU
		{563948BD-7BCD-4442-BE4A-CCF608E1B118}.Release|Any CPU.ActiveCfg = Release|Any CPU
		{563948BD-7BCD-4442-BE4A-CCF608E1B118}.Release|Any CPU.Build.0 = Release|Any CPU
		{76061494-24F8-47A3-8C7C-C448DA912E8C}.Debug|Any CPU.ActiveCfg = Debug|Any CPU
		{76061494-24F8-47A3-8C7C-C448DA912E8C}.Debug|Any CPU.Build.0 = Debug|Any CPU
		{76061494-24F8-47A3-8C7C-C448DA912E8C}.Release|Any CPU.ActiveCfg = Release|Any CPU
		{76061494-24F8-47A3-8C7C-C448DA912E8C}.Release|Any CPU.Build.0 = Release|Any CPU
		{E3626A57-2ADC-43B7-AC07-4CC0A65B356B}.Debug|Any CPU.ActiveCfg = Debug|Any CPU
		{E3626A57-2ADC-43B7-AC07-4CC0A65B356B}.Debug|Any CPU.Build.0 = Debug|Any CPU
		{E3626A57-2ADC-43B7-AC07-4CC0A65B356B}.Release|Any CPU.ActiveCfg = Release|Any CPU
		{E3626A57-2ADC-43B7-AC07-4CC0A65B356B}.Release|Any CPU.Build.0 = Release|Any CPU
	EndGlobalSection
	GlobalSection(SolutionProperties) = preSolution
		HideSolutionNode = FALSE
	EndGlobalSection
	GlobalSection(ExtensibilityGlobals) = postSolution
		SolutionGuid = {468B6B69-A5E4-4A67-8543-61F2B9D45889}
	EndGlobalSection
EndGlobal
